{
  "name": "doctor-demo",
  "version": "1.0.0",
  "lockfileVersion": 3,
  "requires": true,
  "packages": {
    "": {
      "name": "doctor-demo",
      "version": "1.0.0"
    },
    "node_modules/acme-http": {
      "version": "1.0.0"
    },
    "node_modules/acme-json": {
      "version": "2.1.0"
    },
    "node_modules/left-pad": {
      "version": "1.3.0"
    }
  }
}
